{
  "name": "src",
  "lockfileVersion": 3,
  "requires": true,
  "packages": {
    "": {
      "dependencies": {
        "rouge": "^1.0.3"
      }
    },
    "node_modules/lodash-node": {
      "version": "2.4.1",
      "resolved": "https://registry.npmjs.org/lodash-node/-/lodash-node-2.4.1.tgz",
      "integrity": "sha512-egEt8eNQp2kZWRmngahiqMoDCDCENv3uM188S7Ed5t4k3v6RrLELXC+FqLNMUnhCo7gvQX3G1V8opK/Lcslahg==",
      "deprecated": "This package is discontinued. Use lodash@^4.0.0."
    },
    "node_modules/rouge": {
      "version": "1.0.3",
      "resolved": "https://registry.npmjs.org/rouge/-/rouge-1.0.3.tgz",
      "integrity": "sha512-YCt74Dxsi99E8/uh943FTa80EmGboaOu1ij4q8WD4EAGyvyWYaH7MRHorrDbGgLY7iFUwDwyW/g9KJZx7D5fUQ==",
      "dependencies": {
        "lodash-node": "^2.4.1"
      }
    }
  }
}
